
Microsoft Visual Studio Solution File, Format Version 12.00
# Visual Studio Version 16
VisualStudioVersion = 16.0.32106.194
MinimumVisualStudioVersion = 10.0.40219.1
Project("{FAE04EC0-301F-11D3-BF4B-00C04F79EFBC}") = "017.2. negyzetezerigwhileciklussal", "017.2. negyzetezerigwhileciklussal\017.2. negyzetezerigwhileciklussal.csproj", "{0DA646B9-EDB1-4490-BBE6-2978D7DAE421}"
EndProject
Global
	GlobalSection(SolutionConfigurationPlatforms) = preSolution
		Debug|Any CPU = Debug|Any CPU
		Release|Any CPU = Release|Any CPU
	EndGlobalSection
	GlobalSection(ProjectConfigurationPlatforms) = postSolution
		{0DA646B9-EDB1-4490-BBE6-2978D7DAE421}.Debug|Any CPU.ActiveCfg = Debug|Any CPU
		{0DA646B9-EDB1-4490-BBE6-2978D7DAE421}.Debug|Any CPU.Build.0 = Debug|Any CPU
		{0DA646B9-EDB1-4490-BBE6-2978D7DAE421}.Release|Any CPU.ActiveCfg = Release|Any CPU
		{0DA646B9-EDB1-4490-BBE6-2978D7DAE421}.Release|Any CPU.Build.0 = Release|Any CPU
	EndGlobalSection
	GlobalSection(SolutionProperties) = preSolution
		HideSolutionNode = FALSE
	EndGlobalSection
	GlobalSection(ExtensibilityGlobals) = postSolution
		SolutionGuid = {49AD44C6-0D0F-4FA5-8A21-40A8DB042674}
	EndGlobalSection
EndGlobal
